// !$*UTF8*$!
{
	archiveVersion = 1;
	classes = {
	};
	objectVersion = 46;
	objects = {

/* Begin PBXBuildFile section */
		8C1BB4A11E9F1A1100C6BE02 /* AppDelegate.swift in Sources */ = {isa = PBXBuildFile; fileRef = 8C1BB4A01E9F1A1100C6BE02 /* AppDelegate.swift */; };
		8C1BB4A31E9F1A1100C6BE02 /* ViewController.swift in Sources */ = {isa = PBXBuildFile; fileRef = 8C1BB4A21E9F1A1100C6BE02 /* ViewController.swift */; };
		8C1BB4A61E9F1A1100C6BE02 /* Main.storyboard in Resources */ = {isa = PBXBuildFile; fileRef = 8C1BB4A41E9F1A1100C6BE02 /* Main.storyboard */; };
		8C1BB4A81E9F1A1100C6BE02 /* Assets.xcassets in Resources */ = {isa = PBXBuildFile; fileRef = 8C1BB4A71E9F1A1100C6BE02 /* Assets.xcassets */; };
		8C1BB4AB1E9F1A1100C6BE02 /* LaunchScreen.storyboard in Resources */ = {isa = PBXBuildFile; fileRef = 8C1BB4A91E9F1A1100C6BE02 /* LaunchScreen.storyboard */; };
/* End PBXBuildFile section */

/* Begin PBXFileReference section */
		8C1BB49D1E9F1A1100C6BE02 /* BullsEye.app */ = {isa = PBXFileReference; explicitFileType = wrapper.application; includeInIndex = 0; path = BullsEye.app; sourceTree = BUILT_PRODUCTS_DIR; };
		8C1BB4A01E9F1A1100C6BE02 /* AppDelegate.swift */ = {isa = PBXFileReference; lastKnownFileType = sourcecode.swift; path = AppDelegate.swift; sourceTree = "<group>"; };
		8C1BB4A21E9F1A1100C6BE02 /* ViewController.swift */ = {isa = PBXFileReference; lastKnownFileType = sourcecode.swift; path = ViewController.swift; sourceTree = "<group>"; };
		8C1BB4A51E9F1A1100C6BE02 /* Base */ = {isa = PBXFileReference; lastKnownFileType = file.storyboard; name = Base; path = Base.lproj/Main.storyboard; sourceTree = "<group>"; };
		8C1BB4A71E9F1A1100C6BE02 /* Assets.xcassets */ = {isa = PBXFileReference; lastKnownFileType = folder.assetcatalog; path = Assets.xcassets; sourceTree = "<group>"; };
		8C1BB4AA1E9F1A1100C6BE02 /* Base */ = {isa = PBXFileReference; lastKnownFileType = file.storyboard; name = Base; path = Base.lproj/LaunchScreen.storyboard; sourceTree = "<group>"; };
		8C1BB4AC1E9F1A1100C6BE02 /* Info.plist */ = {isa = PBXFileReference; lastKnownFileType = text.plist.xml; path = Info.plist; sourceTree = "<group>"; };
/* End PBXFileReference section */

/* Begin PBXFrameworksBuildPhase section */
		8C1BB49A1E9F1A1100C6BE02 /* Frameworks */ = {
			isa = PBXFrameworksBuildPhase;
			buildActionMask = 2147483647;
			files = (
			);
			runOnlyForDeploymentPostprocessing = 0;
		};
/* End PBXFrameworksBuildPhase section */

/* Begin PBXGroup section */
		8C1BB4941E9F1A1100C6BE02 = {
			isa = PBXGroup;
			children = (
				8C1BB49F1E9F1A1100C6BE02 /* BullsEye */,
				8C1BB49E1E9F1A1100C6BE02 /* Products */,
			);
			sourceTree = "<group>";
		};
		8C1BB49E1E9F1A1100C6BE02 /* Products */ = {
			isa = PBXGroup;
			children = (
				8C1BB49D1E9F1A1100C6BE02 /* BullsEye.app */,
			);
			name = Products;
			sourceTree = "<group>";
		};
		8C1BB49F1E9F1A1100C6BE02 /* BullsEye */ = {
			isa = PBXGroup;
			children = (
				8C1BB4A01E9F1A1100C6BE02 /* AppDelegate.swift */,
				8C1BB4A21E9F1A1100C6BE02 /* ViewController.swift */,
				8C1BB4A41E9F1A1100C6BE02 /* Main.storyboard */,
				8C1BB4A71E9F1A1100C6BE02 /* Assets.xcassets */,
				8C1BB4A91E9F1A1100C6BE02 /* LaunchScreen.storyboard */,
				8C1BB4AC1E9F1A1100C6BE02 /* Info.plist */,
			);
			path = BullsEye;
			sourceTree = "<group>";
		};
/* End PBXGroup section */

/* Begin PBXNativeTarget section */
		8C1BB49C1E9F1A1100C6BE02 /* BullsEye */ = {
			isa = PBXNativeTarget;
			buildConfigurationList = 8C1BB4AF1E9F1A1100C6BE02 /* Build configuration list for PBXNativeTarget "BullsEye" */;
			buildPhases = (
				8C1BB4991E9F1A1100C6BE02 /* Sources */,
				8C1BB49A1E9F1A1100C6BE02 /* Frameworks */,
				8C1BB49B1E9F1A1100C6BE02 /* Resources */,
			);
			buildRules = (
			);
			dependencies = (
			);
			name = BullsEye;
			productName = BullsEye;
			productReference = 8C1BB49D1E9F1A1100C6BE02 /* BullsEye.app */;
			productType = "com.apple.product-type.application";
		};
/* End PBXNativeTarget section */

/* Begin PBXProject section */
		8C1BB4951E9F1A1100C6BE02 /* Project object */ = {
			isa = PBXProject;
			attributes = {
				LastSwiftUpdateCheck = 0830;
				LastUpgradeCheck = 0830;
				ORGANIZATIONNAME = "Xiang Lin";
				TargetAttributes = {
					8C1BB49C1E9F1A1100C6BE02 = {
						CreatedOnToolsVersion = 8.3.1;
						ProvisioningStyle = Automatic;
					};
				};
			};
			buildConfigurationList = 8C1BB4981E9F1A1100C6BE02 /* Build configuration list for PBXProject "BullsEye" */;
			compatibilityVersion = "Xcode 3.2";
			developmentRegion = English;
			hasScannedForEncodings = 0;
			knownRegions = (
				en,
				Base,
			);
			mainGroup = 8C1BB4941E9F1A1100C6BE02;
			productRefGroup = 8C1BB49E1E9F1A1100C6BE02 /* Products */;
			projectDirPath = "";
			projectRoot = "";
			targets = (
				8C1BB49C1E9F1A1100C6BE02 /* BullsEye */,
			);
		};
/* End PBXProject section */

/* Begin PBXResourcesBuildPhase section */
		8C1BB49B1E9F1A1100C6BE02 /* Resources */ = {
			isa = PBXResourcesBuildPhase;
			buildActionMask = 2147483647;
			files = (
				8C1BB4AB1E9F1A1100C6BE02 /* LaunchScreen.storyboard in Resources */,
				8C1BB4A81E9F1A1100C6BE02 /* Assets.xcassets in Resources */,
				8C1BB4A61E9F1A1100C6BE02 /* Main.storyboard in Resources */,
			);
			runOnlyForDeploymentPostprocessing = 0;
		};
/* End PBXResourcesBuildPhase section */

/* Begin PBXSourcesBuildPhase section */
		8C1BB4991E9F1A1100C6BE02 /* Sources */ = {
			isa = PBXSourcesBuildPhase;
			buildActionMask = 2147483647;
			files = (
				8C1BB4A31E9F1A1100C6BE02 /* ViewController.swift in Sources */,
				8C1BB4A11E9F1A1100C6BE02 /* AppDelegate.swift in Sources */,
			);
			runOnlyForDeploymentPostprocessing = 0;
		};
/* End PBXSourcesBuildPhase section */

/* Begin PBXVariantGroup section */
		8C1BB4A41E9F1A1100C6BE02 /* Main.storyboard */ = {
			isa = PBXVariantGroup;
			children = (
				8C1BB4A51E9F1A1100C6BE02 /* Base */,
			);
			name = Main.storyboard;
			sourceTree = "<group>";
		};
		8C1BB4A91E9F1A1100C6BE02 /* LaunchScreen.storyboard */ = {
			isa = PBXVariantGroup;
			children = (
				8C1BB4AA1E9F1A1100C6BE02 /* Base */,
			);
			name = LaunchScreen.storyboard;
			sourceTree = "<group>";
		};
/* End PBXVariantGroup section */

/* Begin XCBuildConfiguration section */
		8C1BB4AD1E9F1A1100C6BE02 /* Debug */ = {
			isa = XCBuildConfiguration;
			buildSettings = {
				ALWAYS_SEARCH_USER_PATHS = NO;
				CLANG_ANALYZER_NONNULL = YES;
				CLANG_ANALYZER_NUMBER_OBJECT_CONVERSION = YES_AGGRESSIVE;
				CLANG_CXX_LANGUAGE_STANDARD = "gnu++0x";
				CLANG_CXX_LIBRARY = "libc++";
				CLANG_ENABLE_MODULES = YES;
				CLANG_ENABLE_OBJC_ARC = YES;
				CLANG_WARN_BOOL_CONVERSION = YES;
				CLANG_WARN_CONSTANT_CONVERSION = YES;
				CLANG_WARN_DIRECT_OBJC_ISA_USAGE = YES_ERROR;
				CLANG_WARN_DOCUMENTATION_COMMENTS = YES;
				CLANG_WARN_EMPTY_BODY = YES;
				CLANG_WARN_ENUM_CONVERSION = YES;
				CLANG_WARN_INFINITE_RECURSION = YES;
				CLANG_WARN_INT_CONVERSION = YES;
				CLANG_WARN_OBJC_ROOT_CLASS = YES_ERROR;
				CLANG_WARN_SUSPICIOUS_MOVE = YES;
				CLANG_WARN_UNREACHABLE_CODE = YES;
				CLANG_WARN__DUPLICATE_METHOD_MATCH = YES;
				"CODE_SIGN_IDENTITY[sdk=iphoneos*]" = "iPhone Developer";
				COPY_PHASE_STRIP = NO;
				DEBUG_INFORMATION_FORMAT = dwarf;
				ENABLE_STRICT_OBJC_MSGSEND = YES;
				ENABLE_TESTABILITY = YES;
				GCC_C_LANGUAGE_STANDARD = gnu99;
				GCC_DYNAMIC_NO_PIC = NO;
				GCC_NO_COMMON_BLOCKS = YES;
				GCC_OPTIMIZATION_LEVEL = 0;
				GCC_PREPROCESSOR_DEFINITIONS = (
					"DEBUG=1",
					"$(inherited)",
				);
				GCC_WARN_64_TO_32_BIT_CONVERSION = YES;
				GCC_WARN_ABOUT_RETURN_TYPE = YES_ERROR;
				GCC_WARN_UNDECLARED_SELECTOR = YES;
				GCC_WARN_UNINITIALIZED_AUTOS = YES_AGGRESSIVE;
				GCC_WARN_UNUSED_FUNCTION = YES;
				GCC_WARN_UNUSED_VARIABLE = YES;
				IPHONEOS_DEPLOYMENT_TARGET = 10.3;
				MTL_ENABLE_DEBUG_INFO = YES;
				ONLY_ACTIVE_ARCH = YES;
				SDKROOT = iphoneos;
				SWIFT_ACTIVE_COMPILATION_CONDITIONS = DEBUG;
				SWIFT_OPTIMIZATION_LEVEL = "-Onone";
			};
			name = Debug;
		};
		8C1BB4AE1E9F1A1100C6BE02 /* Release */ = {
			isa = XCBuildConfiguration;
			buildSettings = {
				ALWAYS_SEARCH_USER_PATHS = NO;
				CLANG_ANALYZER_NONNULL = YES;
				CLANG_ANALYZER_NUMBER_OBJECT_CONVERSION = YES_AGGRESSIVE;
				CLANG_CXX_LANGUAGE_STANDARD = "gnu++0x";
				CLANG_CXX_LIBRARY = "libc++";
				CLANG_ENABLE_MODULES = YES;
				CLANG_ENABLE_OBJC_ARC = YES;
				CLANG_WARN_BOOL_CONVERSION = YES;
				CLANG_WARN_CONSTANT_CONVERSION = YES;
				CLANG_WARN_DIRECT_OBJC_ISA_USAGE = YES_ERROR;
				CLANG_WARN_DOCUMENTATION_COMMENTS = YES;
				CLANG_WARN_EMPTY_BODY = YES;
				CLANG_WARN_ENUM_CONVERSION = YES;
				CLANG_WARN_INFINITE_RECURSION = YES;
				CLANG_WARN_INT_CONVERSION = YES;
				CLANG_WARN_OBJC_ROOT_CLASS = YES_ERROR;
				CLANG_WARN_SUSPICIOUS_MOVE = YES;
				CLANG_WARN_UNREACHABLE_CODE = YES;
				CLANG_WARN__DUPLICATE_METHOD_MATCH = YES;
				"CODE_SIGN_IDENTITY[sdk=iphoneos*]" = "iPhone Developer";
				COPY_PHASE_STRIP = NO;
				DEBUG_INFORMATION_FORMAT = "dwarf-with-dsym";
				ENABLE_NS_ASSERTIONS = NO;
				ENABLE_STRICT_OBJC_MSGSEND = YES;
				GCC_C_LANGUAGE_STANDARD = gnu99;
				GCC_NO_COMMON_BLOCKS = YES;
				GCC_WARN_64_TO_32_BIT_CONVERSION = YES;
				GCC_WARN_ABOUT_RETURN_TYPE = YES_ERROR;
				GCC_WARN_UNDECLARED_SELECTOR = YES;
				GCC_WARN_UNINITIALIZED_AUTOS = YES_AGGRESSIVE;
				GCC_WARN_UNUSED_FUNCTION = YES;
				GCC_WARN_UNUSED_VARIABLE = YES;
				IPHONEOS_DEPLOYMENT_TARGET = 10.3;
				MTL_ENABLE_DEBUG_INFO = NO;
				SDKROOT = iphoneos;
				SWIFT_OPTIMIZATION_LEVEL = "-Owholemodule";
				VALIDATE_PRODUCT = YES;
			};
			name = Release;
		};
		8C1BB4B01E9F1A1100C6BE02 /* Debug */ = {
			isa = XCBuildConfiguration;
			buildSettings = {
				ASSETCATALOG_COMPILER_APPICON_NAME = AppIcon;
				INFOPLIST_FILE = BullsEye/Info.plist;
				LD_RUNPATH_SEARCH_PATHS = "$(inherited) @executable_path/Frameworks";
				PRODUCT_BUNDLE_IDENTIFIER = LinXLin.BullsEye.BullsEye;
				PRODUCT_NAME = "$(TARGET_NAME)";
				SWIFT_VERSION = 3.0;
			};
			name = Debug;
		};
		8C1BB4B11E9F1A1100C6BE02 /* Release */ = {
			isa = XCBuildConfiguration;
			buildSettings = {
				ASSETCATALOG_COMPILER_APPICON_NAME = AppIcon;
				INFOPLIST_FILE = BullsEye/Info.plist;
				LD_RUNPATH_SEARCH_PATHS = "$(inherited) @executable_path/Frameworks";
				PRODUCT_BUNDLE_IDENTIFIER = LinXLin.BullsEye.BullsEye;
				PRODUCT_NAME = "$(TARGET_NAME)";
				SWIFT_VERSION = 3.0;
			};
			name = Release;
		};
/* End XCBuildConfiguration section */

/* Begin XCConfigurationList section */
		8C1BB4981E9F1A1100C6BE02 /* Build configuration list for PBXProject "BullsEye" */ = {
			isa = XCConfigurationList;
			buildConfigurations = (
				8C1BB4AD1E9F1A1100C6BE02 /* Debug */,
				8C1BB4AE1E9F1A1100C6BE02 /* Release */,
			);
			defaultConfigurationIsVisible = 0;
			defaultConfigurationName = Release;
		};
		8C1BB4AF1E9F1A1100C6BE02 /* Build configuration list for PBXNativeTarget "BullsEye" */ = {
			isa = XCConfigurationList;
			buildConfigurations = (
				8C1BB4B01E9F1A1100C6BE02 /* Debug */,
				8C1BB4B11E9F1A1100C6BE02 /* Release */,
			);
			defaultConfigurationIsVisible = 0;
		};
/* End XCConfigurationList section */
	};
	rootObject = 8C1BB4951E9F1A1100C6BE02 /* Project object */;
}
